<Solution>
  <Folder Name="/Solution Items/">
    <File Path=".editorconfig" />
    <File Path=".gitignore" />
    <File Path="Directory.Build.props" />
    <File Path="Directory.Packages.props" />
    <File Path="global.json" />
    <File Path="LICENSE" />
    <File Path="README.md" />
    <File Path="THIRD-PARTY-NOTICES.md" />
  </Folder>
  <Folder Name="/src/">
    <Project Path="src/Syphon.NET/Syphon.NET.csproj" />
  </Folder>
  <Folder Name="/tests/">
    <Project Path="tests/Syphon.NET.Tests/Syphon.NET.Tests.csproj" />
  </Folder>
  <Folder Name="/samples/">
    <Project Path="samples/Syphon.NET.Peer/Syphon.NET.Peer.csproj" />
  </Folder>
</Solution>
